{
  "object": {
    "pins": [
      {
        "package": "AWSSDKSwiftCore",
        "repositoryURL": "https://github.com/powderhouse/aws-sdk-swift-core.git",
        "state": {
          "branch": null,
          "revision": "0bf47334be193884b0900e845ce6c721589c8f87",
          "version": "0.0.3"
        }
      },
      {
        "package": "CHTTPParser",
        "repositoryURL": "https://github.com/Zewo/CHTTPParser.git",
        "state": {
          "branch": null,
          "revision": "88306ab33bb316b2eedd39c90f4be8f4ebf65a11",
          "version": "0.14.0"
        }
      },
      {
        "package": "CLibreSSL",
        "repositoryURL": "https://github.com/vapor/clibressl.git",
        "state": {
          "branch": null,
          "revision": "9ebe7fffd3f7d3cd3377696aeaa867a77f2418dd",
          "version": "1.0.1"
        }
      },
      {
        "package": "HypertextApplicationLanguage",
        "repositoryURL": "https://github.com/noppoMan/HypertextApplicationLanguage.git",
        "state": {
          "branch": null,
          "revision": "e6216c13fd510e31e70e6f409936f1a656db1f33",
          "version": "1.0.1"
        }
      },
      {
        "package": "Prorsum",
        "repositoryURL": "https://github.com/powderhouse/Prorsum.git",
        "state": {
          "branch": null,
          "revision": "f616f1cde281c7031b9d0e5e97debd241c27d2b9",
          "version": "0.0.2"
        }
      },
      {
        "package": "ProrsumNet",
        "repositoryURL": "https://github.com/noppoman/ProrsumNet.git",
        "state": {
          "branch": null,
          "revision": "941e0c65df620467130e9eb2496a3c1275c1d307",
          "version": "0.1.3"
        }
      }
    ]
  },
  "version": 1
}
